
Microsoft Visual Studio Solution File, Format Version 12.00
# Visual Studio Version 17
VisualStudioVersion = 17.4.33205.214
MinimumVisualStudioVersion = 10.0.40219.1
Project("{8BC9CEB8-8B4A-11D0-8D11-00A0C91BC942}") = "RacingSimulator", "RacingSimulator\RacingSimulator.vcxproj", "{58B0AA81-E0BA-407B-8F4D-518BDC7742B8}"
EndProject
Project("{8BC9CEB8-8B4A-11D0-8D11-00A0C91BC942}") = "TSDynamicLibrary", "TSDynamicLibrary\TSDynamicLibrary.vcxproj", "{25084F80-FB5B-4930-8F66-F63D05551F72}"
EndProject
Global
	GlobalSection(SolutionConfigurationPlatforms) = preSolution
		Debug|x64 = Debug|x64
		Debug|x86 = Debug|x86
		Release|x64 = Release|x64
		Release|x86 = Release|x86
	EndGlobalSection
	GlobalSection(ProjectConfigurationPlatforms) = postSolution
		{58B0AA81-E0BA-407B-8F4D-518BDC7742B8}.Debug|x64.ActiveCfg = Debug|x64
		{58B0AA81-E0BA-407B-8F4D-518BDC7742B8}.Debug|x64.Build.0 = Debug|x64
		{58B0AA81-E0BA-407B-8F4D-518BDC7742B8}.Debug|x86.ActiveCfg = Debug|Win32
		{58B0AA81-E0BA-407B-8F4D-518BDC7742B8}.Debug|x86.Build.0 = Debug|Win32
		{58B0AA81-E0BA-407B-8F4D-518BDC7742B8}.Release|x64.ActiveCfg = Release|x64
		{58B0AA81-E0BA-407B-8F4D-518BDC7742B8}.Release|x64.Build.0 = Release|x64
		{58B0AA81-E0BA-407B-8F4D-518BDC7742B8}.Release|x86.ActiveCfg = Release|Win32
		{58B0AA81-E0BA-407B-8F4D-518BDC7742B8}.Release|x86.Build.0 = Release|Win32
		{25084F80-FB5B-4930-8F66-F63D05551F72}.Debug|x64.ActiveCfg = Debug|x64
		{25084F80-FB5B-4930-8F66-F63D05551F72}.Debug|x64.Build.0 = Debug|x64
		{25084F80-FB5B-4930-8F66-F63D05551F72}.Debug|x86.ActiveCfg = Debug|Win32
		{25084F80-FB5B-4930-8F66-F63D05551F72}.Debug|x86.Build.0 = Debug|Win32
		{25084F80-FB5B-4930-8F66-F63D05551F72}.Release|x64.ActiveCfg = Release|x64
		{25084F80-FB5B-4930-8F66-F63D05551F72}.Release|x64.Build.0 = Release|x64
		{25084F80-FB5B-4930-8F66-F63D05551F72}.Release|x86.ActiveCfg = Release|Win32
		{25084F80-FB5B-4930-8F66-F63D05551F72}.Release|x86.Build.0 = Release|Win32
	EndGlobalSection
	GlobalSection(SolutionProperties) = preSolution
		HideSolutionNode = FALSE
	EndGlobalSection
	GlobalSection(ExtensibilityGlobals) = postSolution
		SolutionGuid = {B9F655D7-55A1-4DAD-91EE-47C95BF72988}
	EndGlobalSection
EndGlobal
